
Microsoft Visual Studio Solution File, Format Version 12.00
# Visual Studio Version 17
VisualStudioVersion = 17.14.36109.1 d17.14
MinimumVisualStudioVersion = 10.0.40219.1
Project("{FAE04EC0-301F-11D3-BF4B-00C04F79EFBC}") = "ArcMenu for All", "ArcMenu for All.csproj", "{7CC5A67D-5389-485D-9402-B7140331022E}"
EndProject
Global
	GlobalSection(SolutionConfigurationPlatforms) = preSolution
		Debug|Any CPU = Debug|Any CPU
		Release|Any CPU = Release|Any CPU
	EndGlobalSection
	GlobalSection(ProjectConfigurationPlatforms) = postSolution
		{7CC5A67D-5389-485D-9402-B7140331022E}.Debug|Any CPU.ActiveCfg = Debug|Any CPU
		{7CC5A67D-5389-485D-9402-B7140331022E}.Debug|Any CPU.Build.0 = Debug|Any CPU
		{7CC5A67D-5389-485D-9402-B7140331022E}.Release|Any CPU.ActiveCfg = Release|Any CPU
		{7CC5A67D-5389-485D-9402-B7140331022E}.Release|Any CPU.Build.0 = Release|Any CPU
	EndGlobalSection
	GlobalSection(SolutionProperties) = preSolution
		HideSolutionNode = FALSE
	EndGlobalSection
	GlobalSection(ExtensibilityGlobals) = postSolution
		SolutionGuid = {C73E0202-BF8D-4A4C-97AA-C66E26D5DE15}
	EndGlobalSection
EndGlobal
